
Microsoft Visual Studio Solution File, Format Version 12.00
# Visual Studio Version 17
VisualStudioVersion = 17.2.32519.379
MinimumVisualStudioVersion = 10.0.40219.1
Project("{FAE04EC0-301F-11D3-BF4B-00C04F79EFBC}") = "CircularQueues_CSharp", "CircularQueues_CSharp\CircularQueues_CSharp.csproj", "{B3E2F3FC-9F32-4BE4-B844-BB167C109148}"
EndProject
Global
	GlobalSection(SolutionConfigurationPlatforms) = preSolution
		Debug|Any CPU = Debug|Any CPU
		Release|Any CPU = Release|Any CPU
	EndGlobalSection
	GlobalSection(ProjectConfigurationPlatforms) = postSolution
		{B3E2F3FC-9F32-4BE4-B844-BB167C109148}.Debug|Any CPU.ActiveCfg = Debug|Any CPU
		{B3E2F3FC-9F32-4BE4-B844-BB167C109148}.Debug|Any CPU.Build.0 = Debug|Any CPU
		{B3E2F3FC-9F32-4BE4-B844-BB167C109148}.Release|Any CPU.ActiveCfg = Release|Any CPU
		{B3E2F3FC-9F32-4BE4-B844-BB167C109148}.Release|Any CPU.Build.0 = Release|Any CPU
	EndGlobalSection
	GlobalSection(SolutionProperties) = preSolution
		HideSolutionNode = FALSE
	EndGlobalSection
	GlobalSection(ExtensibilityGlobals) = postSolution
		SolutionGuid = {1770CDAA-12A3-4C2F-BEAC-DD0FDD6E9B6D}
	EndGlobalSection
EndGlobal
